
Microsoft Visual Studio Solution File, Format Version 12.00
Project("{FAE04EC0-301F-11D3-BF4B-00C04F79EFBC}") = "FlightManager.Host", "src\FlightManager.Host\FlightManager.Host.csproj", "{82F7D90E-6569-40CF-A2C5-1714F1719487}"
EndProject
Project("{FAE04EC0-301F-11D3-BF4B-00C04F79EFBC}") = "FlightManager.IntegrationTests", "tests\FlightManager.IntegrationTests\FlightManager.IntegrationTests.csproj", "{FC2A46E4-2B9B-42D3-A0A5-366B0A3D14D2}"
EndProject
Project("{2150E333-8FDC-42A3-9474-1A3956D46DE8}") = "tests", "tests", "{E72BEB92-8E59-495D-AC0C-A1CD49C158E2}"
EndProject
Project("{FAE04EC0-301F-11D3-BF4B-00C04F79EFBC}") = "FlightManager.Services", "src\FlightManager.Services\FlightManager.Services.csproj", "{7930F5E9-D09B-4A2B-B2CE-C6874E3713A5}"
EndProject
Project("{FAE04EC0-301F-11D3-BF4B-00C04F79EFBC}") = "FlightManager.Services.Tests", "tests\FlightManager.Services.Tests\FlightManager.Services.Tests.csproj", "{8313F0B0-EA7D-42A6-BB19-7C9F9A4701A9}"
EndProject
Project("{FAE04EC0-301F-11D3-BF4B-00C04F79EFBC}") = "FlightManager.Api", "src\FlightManager.Api\FlightManager.Api.csproj", "{572755FB-BD00-4375-84C8-3912C336860C}"
EndProject
Project("{FAE04EC0-301F-11D3-BF4B-00C04F79EFBC}") = "FlightManager.Repositories", "src\FlightManager.Repositories\FlightManager.Repositories.csproj", "{EE184B37-984B-4924-B3A6-E62D4C0E5FC2}"
EndProject
Project("{FAE04EC0-301F-11D3-BF4B-00C04F79EFBC}") = "FlightManager.Libraries", "src\FlightManager.Libraries\FlightManager.Libraries.csproj", "{305398F9-B4BC-41D2-B98D-86D46F518109}"
EndProject
Project("{FAE04EC0-301F-11D3-BF4B-00C04F79EFBC}") = "FlightManager.Libraries.Tests", "tests\FlightManager.Libraries.Tests\FlightManager.Libraries.Tests.csproj", "{8C972DFF-3C4C-439D-8DBA-90A1DC2F7908}"
EndProject
Project("{FAE04EC0-301F-11D3-BF4B-00C04F79EFBC}") = "FlightManager.Api.Tests", "tests\FlightManager.Api.Tests\FlightManager.Api.Tests.csproj", "{93296462-E034-4B8D-877C-3795C1C6329A}"
EndProject
Project("{FAE04EC0-301F-11D3-BF4B-00C04F79EFBC}") = "FlightManager.Repositories.Tests", "tests\FlightManager.Repositories.Tests\FlightManager.Repositories.Tests.csproj", "{44E5BE2B-082A-4FC6-AB36-27070FF6D6FE}"
EndProject
Global
	GlobalSection(SolutionConfigurationPlatforms) = preSolution
		Debug|Any CPU = Debug|Any CPU
		Release|Any CPU = Release|Any CPU
	EndGlobalSection
	GlobalSection(ProjectConfigurationPlatforms) = postSolution
		{82F7D90E-6569-40CF-A2C5-1714F1719487}.Debug|Any CPU.ActiveCfg = Debug|Any CPU
		{82F7D90E-6569-40CF-A2C5-1714F1719487}.Debug|Any CPU.Build.0 = Debug|Any CPU
		{82F7D90E-6569-40CF-A2C5-1714F1719487}.Release|Any CPU.ActiveCfg = Release|Any CPU
		{82F7D90E-6569-40CF-A2C5-1714F1719487}.Release|Any CPU.Build.0 = Release|Any CPU
		{FC2A46E4-2B9B-42D3-A0A5-366B0A3D14D2}.Debug|Any CPU.ActiveCfg = Debug|Any CPU
		{FC2A46E4-2B9B-42D3-A0A5-366B0A3D14D2}.Debug|Any CPU.Build.0 = Debug|Any CPU
		{FC2A46E4-2B9B-42D3-A0A5-366B0A3D14D2}.Release|Any CPU.ActiveCfg = Release|Any CPU
		{FC2A46E4-2B9B-42D3-A0A5-366B0A3D14D2}.Release|Any CPU.Build.0 = Release|Any CPU
		{7930F5E9-D09B-4A2B-B2CE-C6874E3713A5}.Debug|Any CPU.ActiveCfg = Debug|Any CPU
		{7930F5E9-D09B-4A2B-B2CE-C6874E3713A5}.Debug|Any CPU.Build.0 = Debug|Any CPU
		{7930F5E9-D09B-4A2B-B2CE-C6874E3713A5}.Release|Any CPU.ActiveCfg = Release|Any CPU
		{7930F5E9-D09B-4A2B-B2CE-C6874E3713A5}.Release|Any CPU.Build.0 = Release|Any CPU
		{8313F0B0-EA7D-42A6-BB19-7C9F9A4701A9}.Debug|Any CPU.ActiveCfg = Debug|Any CPU
		{8313F0B0-EA7D-42A6-BB19-7C9F9A4701A9}.Debug|Any CPU.Build.0 = Debug|Any CPU
		{8313F0B0-EA7D-42A6-BB19-7C9F9A4701A9}.Release|Any CPU.ActiveCfg = Release|Any CPU
		{8313F0B0-EA7D-42A6-BB19-7C9F9A4701A9}.Release|Any CPU.Build.0 = Release|Any CPU
		{572755FB-BD00-4375-84C8-3912C336860C}.Debug|Any CPU.ActiveCfg = Debug|Any CPU
		{572755FB-BD00-4375-84C8-3912C336860C}.Debug|Any CPU.Build.0 = Debug|Any CPU
		{572755FB-BD00-4375-84C8-3912C336860C}.Release|Any CPU.ActiveCfg = Release|Any CPU
		{572755FB-BD00-4375-84C8-3912C336860C}.Release|Any CPU.Build.0 = Release|Any CPU
		{EE184B37-984B-4924-B3A6-E62D4C0E5FC2}.Debug|Any CPU.ActiveCfg = Debug|Any CPU
		{EE184B37-984B-4924-B3A6-E62D4C0E5FC2}.Debug|Any CPU.Build.0 = Debug|Any CPU
		{EE184B37-984B-4924-B3A6-E62D4C0E5FC2}.Release|Any CPU.ActiveCfg = Release|Any CPU
		{EE184B37-984B-4924-B3A6-E62D4C0E5FC2}.Release|Any CPU.Build.0 = Release|Any CPU
		{305398F9-B4BC-41D2-B98D-86D46F518109}.Debug|Any CPU.ActiveCfg = Debug|Any CPU
		{305398F9-B4BC-41D2-B98D-86D46F518109}.Debug|Any CPU.Build.0 = Debug|Any CPU
		{305398F9-B4BC-41D2-B98D-86D46F518109}.Release|Any CPU.ActiveCfg = Release|Any CPU
		{305398F9-B4BC-41D2-B98D-86D46F518109}.Release|Any CPU.Build.0 = Release|Any CPU
		{8C972DFF-3C4C-439D-8DBA-90A1DC2F7908}.Debug|Any CPU.ActiveCfg = Debug|Any CPU
		{8C972DFF-3C4C-439D-8DBA-90A1DC2F7908}.Debug|Any CPU.Build.0 = Debug|Any CPU
		{8C972DFF-3C4C-439D-8DBA-90A1DC2F7908}.Release|Any CPU.ActiveCfg = Release|Any CPU
		{8C972DFF-3C4C-439D-8DBA-90A1DC2F7908}.Release|Any CPU.Build.0 = Release|Any CPU
		{93296462-E034-4B8D-877C-3795C1C6329A}.Debug|Any CPU.ActiveCfg = Debug|Any CPU
		{93296462-E034-4B8D-877C-3795C1C6329A}.Debug|Any CPU.Build.0 = Debug|Any CPU
		{93296462-E034-4B8D-877C-3795C1C6329A}.Release|Any CPU.ActiveCfg = Release|Any CPU
		{93296462-E034-4B8D-877C-3795C1C6329A}.Release|Any CPU.Build.0 = Release|Any CPU
		{44E5BE2B-082A-4FC6-AB36-27070FF6D6FE}.Debug|Any CPU.ActiveCfg = Debug|Any CPU
		{44E5BE2B-082A-4FC6-AB36-27070FF6D6FE}.Debug|Any CPU.Build.0 = Debug|Any CPU
		{44E5BE2B-082A-4FC6-AB36-27070FF6D6FE}.Release|Any CPU.ActiveCfg = Release|Any CPU
		{44E5BE2B-082A-4FC6-AB36-27070FF6D6FE}.Release|Any CPU.Build.0 = Release|Any CPU
	EndGlobalSection
	GlobalSection(NestedProjects) = preSolution
		{FC2A46E4-2B9B-42D3-A0A5-366B0A3D14D2} = {E72BEB92-8E59-495D-AC0C-A1CD49C158E2}
		{8313F0B0-EA7D-42A6-BB19-7C9F9A4701A9} = {E72BEB92-8E59-495D-AC0C-A1CD49C158E2}
		{8C972DFF-3C4C-439D-8DBA-90A1DC2F7908} = {E72BEB92-8E59-495D-AC0C-A1CD49C158E2}
		{93296462-E034-4B8D-877C-3795C1C6329A} = {E72BEB92-8E59-495D-AC0C-A1CD49C158E2}
		{44E5BE2B-082A-4FC6-AB36-27070FF6D6FE} = {E72BEB92-8E59-495D-AC0C-A1CD49C158E2}
	EndGlobalSection
EndGlobal
